
Microsoft Visual Studio Solution File, Format Version 12.00
# Visual Studio 2012
Project("{FAE04EC0-301F-11D3-BF4B-00C04F79EFBC}") = "LongRunningSignalR", "LongRunningSignalR\LongRunningSignalR.csproj", "{8F2CD82B-DF15-43A2-B71A-B89F845D47C9}"
EndProject
Project("{2150E333-8FDC-42A3-9474-1A3956D46DE8}") = ".nuget", ".nuget", "{85DE1035-C2AE-4FC1-BE97-FE0C155DD3F4}"
	ProjectSection(SolutionItems) = preProject
		.nuget\packages.config = .nuget\packages.config
	EndProjectSection
EndProject
Project("{FAE04EC0-301F-11D3-BF4B-00C04F79EFBC}") = "Telerik.DynamicProxy", "..\..\..\..\..\ProjectsTFIS\Basilisk\DynamicProxy\Core\Telerik.DynamicProxy.csproj", "{524690BE-C91C-430C-B560-86B22E8F6B12}"
EndProject
Project("{FAE04EC0-301F-11D3-BF4B-00C04F79EFBC}") = "Common", "Common\Common.csproj", "{3E522DBB-A505-407D-93E2-BBDC6AAC88DF}"
EndProject
Project("{FAE04EC0-301F-11D3-BF4B-00C04F79EFBC}") = "SignalRClient", "SignalRClient\SignalRClient.csproj", "{268E98D8-AB11-453A-97BB-442A9E4F1CE5}"
EndProject
Global
	GlobalSection(TeamFoundationVersionControl) = preSolution
		SccNumberOfProjects = 1
		SccEnterpriseProvider = {4CA58AB2-18FA-4F8D-95D4-32DDF27D184C}
		SccTeamFoundationServer = http://tfs.telerik.com:8082/defaultcollection
		SccProjectUniqueName0 = ..\\..\\..\\..\\..\\ProjectsTFIS\\Basilisk\\DynamicProxy\\Core\\Telerik.DynamicProxy.csproj
		SccProjectName0 = $/Basilisk/DynamicProxy/Core
		SccAuxPath0 = http://tfs.telerik.com:8082/defaultcollection
		SccLocalPath0 = ..\\..\\..\\..\\..\\ProjectsTFIS\\Basilisk\\DynamicProxy\\Core
		SccProvider0 = {4CA58AB2-18FA-4F8D-95D4-32DDF27D184C}
	EndGlobalSection
	GlobalSection(SolutionConfigurationPlatforms) = preSolution
		Debug|Any CPU = Debug|Any CPU
		Release|Any CPU = Release|Any CPU
	EndGlobalSection
	GlobalSection(ProjectConfigurationPlatforms) = postSolution
		{8F2CD82B-DF15-43A2-B71A-B89F845D47C9}.Debug|Any CPU.ActiveCfg = Debug|Any CPU
		{8F2CD82B-DF15-43A2-B71A-B89F845D47C9}.Debug|Any CPU.Build.0 = Debug|Any CPU
		{8F2CD82B-DF15-43A2-B71A-B89F845D47C9}.Release|Any CPU.ActiveCfg = Release|Any CPU
		{8F2CD82B-DF15-43A2-B71A-B89F845D47C9}.Release|Any CPU.Build.0 = Release|Any CPU
		{524690BE-C91C-430C-B560-86B22E8F6B12}.Debug|Any CPU.ActiveCfg = Debug|Any CPU
		{524690BE-C91C-430C-B560-86B22E8F6B12}.Debug|Any CPU.Build.0 = Debug|Any CPU
		{524690BE-C91C-430C-B560-86B22E8F6B12}.Release|Any CPU.ActiveCfg = Release|Any CPU
		{524690BE-C91C-430C-B560-86B22E8F6B12}.Release|Any CPU.Build.0 = Release|Any CPU
		{3E522DBB-A505-407D-93E2-BBDC6AAC88DF}.Debug|Any CPU.ActiveCfg = Debug|Any CPU
		{3E522DBB-A505-407D-93E2-BBDC6AAC88DF}.Debug|Any CPU.Build.0 = Debug|Any CPU
		{3E522DBB-A505-407D-93E2-BBDC6AAC88DF}.Release|Any CPU.ActiveCfg = Release|Any CPU
		{3E522DBB-A505-407D-93E2-BBDC6AAC88DF}.Release|Any CPU.Build.0 = Release|Any CPU
		{268E98D8-AB11-453A-97BB-442A9E4F1CE5}.Debug|Any CPU.ActiveCfg = Debug|Any CPU
		{268E98D8-AB11-453A-97BB-442A9E4F1CE5}.Debug|Any CPU.Build.0 = Debug|Any CPU
		{268E98D8-AB11-453A-97BB-442A9E4F1CE5}.Release|Any CPU.ActiveCfg = Release|Any CPU
		{268E98D8-AB11-453A-97BB-442A9E4F1CE5}.Release|Any CPU.Build.0 = Release|Any CPU
	EndGlobalSection
	GlobalSection(SolutionProperties) = preSolution
		HideSolutionNode = FALSE
	EndGlobalSection
EndGlobal
